
Microsoft Visual Studio Solution File, Format Version 12.00
# Visual Studio Version 17
VisualStudioVersion = 17.5.33530.505
MinimumVisualStudioVersion = 10.0.40219.1
Project("{FAE04EC0-301F-11D3-BF4B-00C04F79EFBC}") = "CarServiceApp", "CarServiceApp\CarServiceApp.csproj", "{3CB1D797-EDF9-4B94-9AA9-DF756FA3F362}"
EndProject
Global
	GlobalSection(SolutionConfigurationPlatforms) = preSolution
		Debug|Any CPU = Debug|Any CPU
		Release|Any CPU = Release|Any CPU
	EndGlobalSection
	GlobalSection(ProjectConfigurationPlatforms) = postSolution
		{3CB1D797-EDF9-4B94-9AA9-DF756FA3F362}.Debug|Any CPU.ActiveCfg = Debug|Any CPU
		{3CB1D797-EDF9-4B94-9AA9-DF756FA3F362}.Debug|Any CPU.Build.0 = Debug|Any CPU
		{3CB1D797-EDF9-4B94-9AA9-DF756FA3F362}.Release|Any CPU.ActiveCfg = Release|Any CPU
		{3CB1D797-EDF9-4B94-9AA9-DF756FA3F362}.Release|Any CPU.Build.0 = Release|Any CPU
	EndGlobalSection
	GlobalSection(SolutionProperties) = preSolution
		HideSolutionNode = FALSE
	EndGlobalSection
	GlobalSection(ExtensibilityGlobals) = postSolution
		SolutionGuid = {709EE52B-7D04-4FED-A9E4-1E42543F9BA2}
	EndGlobalSection
EndGlobal
